{
  "name": "webrtc-test",
  "version": "1.0.0",
  "lockfileVersion": 1,
  "dependencies": {
    "acorn": {
      "version": "4.0.13",
      "resolved": "https://registry.npmjs.org/acorn/-/acorn-4.0.13.tgz",
      "integrity": "sha1-EFSVrlNh1pe9GVyCUZLhrX8lN4c="
    },
    "commander": {
      "version": "2.9.0",
      "resolved": "https://registry.npmjs.org/commander/-/commander-2.9.0.tgz",
      "integrity": "sha1-nJkJQXbhIkDLItbFFGCYQA/g99Q="
    },
    "defined": {
      "version": "1.0.0",
      "resolved": "https://registry.npmjs.org/defined/-/defined-1.0.0.tgz",
      "integrity": "sha1-yY2bzvdWdBiOEQlpFRGZ45sfppM="
    },
    "detective": {
      "version": "4.5.0",
      "resolved": "https://registry.npmjs.org/detective/-/detective-4.5.0.tgz",
      "integrity": "sha1-blqMaybmx6JUsca210kNmOyR7dE="
    },
    "graceful-readlink": {
      "version": "1.0.1",
      "resolved": "https://registry.npmjs.org/graceful-readlink/-/graceful-readlink-1.0.1.tgz",
      "integrity": "sha1-TK+tdrxi8C+gObL5Tpo906ORpyU="
    },
    "jenny-js": {
      "version": "1.0.1",
      "resolved": "https://registry.npmjs.org/jenny-js/-/jenny-js-1.0.1.tgz",
      "integrity": "sha512-nNZqZuC6KI9mkhZRBdlTdJgNlKwTa19K2bcoTKHLhL6OyEzG7fChDdDbOki5KNUkprjmCVnnSrlBhInkoGLwbw=="
    },
    "pre-req": {
      "version": "1.1.1",
      "resolved": "https://registry.npmjs.org/pre-req/-/pre-req-1.1.1.tgz",
      "integrity": "sha512-r4qEknWdZ45kUynbG8tcUb3QU5jWNakBxCum78qgdJqfcPfuhADdsZwh86+xZ+Afpp425i8FC5JloSLqPxIcpA=="
    },
    "source-map": {
      "version": "0.5.6",
      "resolved": "https://registry.npmjs.org/source-map/-/source-map-0.5.6.tgz",
      "integrity": "sha1-dc449SvwczxafwwRjYEzSiu19BI="
    },
    "uglify-es": {
      "version": "3.0.15",
      "resolved": "https://registry.npmjs.org/uglify-es/-/uglify-es-3.0.15.tgz",
      "integrity": "sha1-SiPQ6ctfJfe7Px8LvguzZOYA0Ec="
    }
  }
}
